lockfileVersion: '9.0'

settings:
  autoInstallPeers: true
  excludeLinksFromLockfile: false

importers:

  .:
    dependencies:
      '@solana/kit':
        specifier: ^5.4.0
        version: 5.5.1(typescript@5.9.3)
      '@x402/core':
        specifier: latest
        version: 2.6.0
      '@x402/extensions':
        specifier: latest
        version: 2.6.0(ethers@6.16.0)(typescript@5.9.3)
      '@x402/hono':
        specifier: latest
        version: 2.6.0(ethers@6.16.0)(hono@4.12.7)(typescript@5.9.3)
      '@x402/svm':
        specifier: latest
        version: 2.6.0(@solana/kit@5.5.1(typescript@5.9.3))(@solana/sysvars@5.5.1(typescript@5.9.3))
      bs58:
        specifier: ^6.0.0
        version: 6.0.0
      hono:
        specifier: ^4.7.2
        version: 4.12.7
      redis:
        specifier: ^4.7.0
        version: 4.7.1
      tweetnacl:
        specifier: ^1.0.3
        version: 1.0.3
    devDependencies:
      '@types/bs58':
        specifier: ^4.0.4
        version: 4.0.4
      bun-types:
        specifier: ^1.3.1
        version: 1.3.10
      typescript:
        specifier: ^5.8.2
        version: 5.9.3

packages:

  '@adraffy/ens-normalize@1.10.1':
    resolution: {integrity: sha512-96Z2IP3mYmF1Xg2cDm8f1gWGf/HUVedQ3FMifV4kG/PQ4yEP51xDtRAEfhVNt5f/uzpNkZHwWQuUcu6D6K+Ekw==}

  '@adraffy/ens-normalize@1.11.1':
    resolution: {integrity: sha512-nhCBV3quEgesuf7c7KYfperqSS14T8bYuvJ8PcLJp6znkZpFc0AuW4qBtr8eKVyPPe/8RSr7sglCWPU5eaxwKQ==}

  '@noble/ciphers@1.3.0':
    resolution: {integrity: sha512-2I0gnIVPtfnMw9ee9h1dJG7tp81+8Ob3OJb3Mv37rx5L40/b0i7djjCVvGOVqc9AEIQyvyu1i6ypKdFw8R8gQw==}
    engines: {node: ^14.21.3 || >=16}

  '@noble/curves@1.2.0':
    resolution: {integrity: sha512-oYclrNgRaM9SsBUBVbb8M6DTV7ZHRTKugureoYEncY5c65HOmRzvSiTE3y5CYaPYJA/GVkrhXEoF0M3Ya9PMnw==}

  '@noble/curves@1.9.1':
    resolution: {integrity: sha512-k11yZxZg+t+gWvBbIswW0yoJlu8cHOC7dhunwOzoWH/mXGBiYyR4YY6hAEK/3EUs4UpB8la1RfdRpeGsFHkWsA==}
    engines: {node: ^14.21.3 || >=16}

  '@noble/hashes@1.3.2':
    resolution: {integrity: sha512-MVC8EAQp7MvEcm30KWENFjgR+Mkmf+D189XJTkFIlwohU5hcBbn1ZkKq7KVTi2Hme3PMGF390DaL52beVrIihQ==}
    engines: {node: '>= 16'}

  '@noble/hashes@1.8.0':
    resolution: {integrity: sha512-jCs9ldd7NwzpgXDIf6P3+NrHh9/sD6CQdxHyjQI+h/6rDNo88ypBxxz45UDuZHz9r3tNz7N/VInSVoVdtXEI4A==}
    engines: {node: ^14.21.3 || >=16}

  '@redis/bloom@1.2.0':
    resolution: {integrity: sha512-HG2DFjYKbpNmVXsa0keLHp/3leGJz1mjh09f2RLGGLQZzSHpkmZWuwJbAvo3QcRY8p80m5+ZdXZdYOSBLlp7Cg==}
    peerDependencies:
      '@redis/client': ^1.0.0

  '@redis/client@1.6.1':
    resolution: {integrity: sha512-/KCsg3xSlR+nCK8/8ZYSknYxvXHwubJrU82F3Lm1Fp6789VQ0/3RJKfsmRXjqfaTA++23CvC3hqmqe/2GEt6Kw==}
    engines: {node: '>=14'}

  '@redis/graph@1.1.1':
    resolution: {integrity: sha512-FEMTcTHZozZciLRl6GiiIB4zGm5z5F3F6a6FZCyrfxdKOhFlGkiAqlexWMBzCi4DcRoyiOsuLfW+cjlGWyExOw==}
    peerDependencies:
      '@redis/client': ^1.0.0

  '@redis/json@1.0.7':
    resolution: {integrity: sha512-6UyXfjVaTBTJtKNG4/9Z8PSpKE6XgSyEb8iwaqDcy+uKrd/DGYHTWkUdnQDyzm727V7p21WUMhsqz5oy65kPcQ==}
    peerDependencies:
      '@redis/client': ^1.0.0

  '@redis/search@1.2.0':
    resolution: {integrity: sha512-tYoDBbtqOVigEDMAcTGsRlMycIIjwMCgD8eR2t0NANeQmgK/lvxNAvYyb6bZDD4frHRhIHkJu2TBRvB0ERkOmw==}
    peerDependencies:
      '@redis/client': ^1.0.0

  '@redis/time-series@1.1.0':
    resolution: {integrity: sha512-c1Q99M5ljsIuc4YdaCwfUEXsofakb9c8+Zse2qxTadu8TalLXuAESzLvFAvNVbkmSlvlzIQOLpBCmWI9wTOt+g==}
    peerDependencies:
      '@redis/client': ^1.0.0

  '@scure/base@1.2.6':
    resolution: {integrity: sha512-g/nm5FgUa//MCj1gV09zTJTaM6KBAHqLN907YVQqf7zC49+DcO4B1so4ZX07Ef10Twr6nuqYEH9GEggFXA4Fmg==}

  '@scure/bip32@1.7.0':
    resolution: {integrity: sha512-E4FFX/N3f4B80AKWp5dP6ow+flD1LQZo/w8UnLGYZO674jS6YnYeepycOOksv+vLPSpgN35wgKgy+ybfTb2SMw==}

  '@scure/bip39@1.6.0':
    resolution: {integrity: sha512-+lF0BbLiJNwVlev4eKelw1WWLaiKXw7sSl8T6FvBlWkdX+94aGJ4o8XjUdlyhTCjd8c+B3KT3JfS8P0bLRNU6A==}

  '@solana-program/compute-budget@0.11.0':
    resolution: {integrity: sha512-7f1ePqB/eURkTwTOO9TNIdUXZcyrZoX3Uy2hNo7cXMfNhPFWp9AVgIyRNBc2jf15sdUa9gNpW+PfP2iV8AYAaw==}
    peerDependencies:
      '@solana/kit': ^5.0

  '@solana-program/token-2022@0.6.1':
    resolution: {integrity: sha512-Ex02cruDMGfBMvZZCrggVR45vdQQSI/unHVpt/7HPt/IwFYB4eTlXtO8otYZyqV/ce5GqZ8S6uwyRf0zy6fdbA==}
    peerDependencies:
      '@solana/kit': ^5.0
      '@solana/sysvars': ^5.0

  '@solana-program/token@0.9.0':
    resolution: {integrity: sha512-vnZxndd4ED4Fc56sw93cWZ2djEeeOFxtaPS8SPf5+a+JZjKA/EnKqzbE1y04FuMhIVrLERQ8uR8H2h72eZzlsA==}
    peerDependencies:
      '@solana/kit': ^5.0

  '@solana/accounts@5.5.1':
    resolution: {integrity: sha512-TfOY9xixg5rizABuLVuZ9XI2x2tmWUC/OoN556xwfDlhBHBjKfszicYYOyD6nbFmwTGYarCmyGIdteXxTXIdhQ==}
    engines: {node: '>=20.18.0'}
    peerDependencies:
      typescript: ^5.0.0
    peerDependenciesMeta:
      typescript:
        optional: true

  '@solana/addresses@5.5.1':
    resolution: {integrity: sha512-5xoah3Q9G30HQghu/9BiHLb5pzlPKRC3zydQDmE3O9H//WfayxTFppsUDCL6FjYUHqj/wzK6CWHySglc2RkpdA==}
    engines: {node: '>=20.18.0'}
    peerDependencies:
      typescript: ^5.0.0
    peerDependenciesMeta:
      typescript:
        optional: true

  '@solana/assertions@5.5.1':
    resolution: {integrity: sha512-YTCSWAlGwSlVPnWtWLm3ukz81wH4j2YaCveK+TjpvUU88hTy6fmUqxi0+hvAMAe4zKXpJyj3Az7BrLJRxbIm4Q==}
    engines: {node: '>=20.18.0'}
    peerDependencies:
      typescript: ^5.0.0
    peerDependenciesMeta:
      typescript:
        optional: true

  '@solana/codecs-core@5.5.1':
    resolution: {integrity: sha512-TgBt//bbKBct0t6/MpA8ElaOA3sa8eYVvR7LGslCZ84WiAwwjCY0lW/lOYsFHJQzwREMdUyuEyy5YWBKtdh8Rw==}
    engines: {node: '>=20.18.0'}
    peerDependencies:
      typescript: ^5.0.0
    peerDependenciesMeta:
      typescript:
        optional: true

  '@solana/codecs-data-structures@5.5.1':
    resolution: {integrity: sha512-97bJWGyUY9WvBz3mX1UV3YPWGDTez6btCfD0ip3UVEXJbItVuUiOkzcO5iFDUtQT5riKT6xC+Mzl+0nO76gd0w==}
    engines: {node: '>=20.18.0'}
    peerDependencies:
      typescript: ^5.0.0
    peerDependenciesMeta:
      typescript:
        optional: true

  '@solana/codecs-numbers@5.5.1':
    resolution: {integrity: sha512-rllMIZAHqmtvC0HO/dc/21wDuWaD0B8Ryv8o+YtsICQBuiL/0U4AGwH7Pi5GNFySYk0/crSuwfIqQFtmxNSPFw==}
    engines: {node: '>=20.18.0'}
    peerDependencies:
      typescript: ^5.0.0
    peerDependenciesMeta:
      typescript:
        optional: true

  '@solana/codecs-strings@5.5.1':
    resolution: {integrity: sha512-7klX4AhfHYA+uKKC/nxRGP2MntbYQCR3N6+v7bk1W/rSxYuhNmt+FN8aoThSZtWIKwN6BEyR1167ka8Co1+E7A==}
    engines: {node: '>=20.18.0'}
    peerDependencies:
      fastestsmallesttextencoderdecoder: ^1.0.22
      typescript: ^5.0.0
    peerDependenciesMeta:
      fastestsmallesttextencoderdecoder:
        optional: true
      typescript:
        optional: true

  '@solana/codecs@5.5.1':
    resolution: {integrity: sha512-Vea29nJub/bXjfzEV7ZZQ/PWr1pYLZo3z0qW0LQL37uKKVzVFRQlwetd7INk3YtTD3xm9WUYr7bCvYUk3uKy2g==}
    engines: {node: '>=20.18.0'}
    peerDependencies:
      typescript: ^5.0.0
    peerDependenciesMeta:
      typescript:
        optional: true

  '@solana/errors@5.5.1':
    resolution: {integrity: sha512-vFO3p+S7HoyyrcAectnXbdsMfwUzY2zYFUc2DEe5BwpiE9J1IAxPBGjOWO6hL1bbYdBrlmjNx8DXCslqS+Kcmg==}
    engines: {node: '>=20.18.0'}
    hasBin: true
    peerDependencies:
      typescript: ^5.0.0
    peerDependenciesMeta:
      typescript:
        optional: true

  '@solana/fast-stable-stringify@5.5.1':
    resolution: {integrity: sha512-Ni7s2FN33zTzhTFgRjEbOVFO+UAmK8qi3Iu0/GRFYK4jN696OjKHnboSQH/EacQ+yGqS54bfxf409wU5dsLLCw==}
    engines: {node: '>=20.18.0'}
    peerDependencies:
      typescript: ^5.0.0
    peerDependenciesMeta:
      typescript:
        optional: true

  '@solana/functional@5.5.1':
    resolution: {integrity: sha512-tTHoJcEQq3gQx5qsdsDJ0LEJeFzwNpXD80xApW9o/PPoCNimI3SALkZl+zNW8VnxRrV3l3yYvfHWBKe/X3WG3w==}
    engines: {node: '>=20.18.0'}
    peerDependencies:
      typescript: ^5.0.0
    peerDependenciesMeta:
      typescript:
        optional: true

  '@solana/instruction-plans@5.5.1':
    resolution: {integrity: sha512-7z3CB7YMcFKuVvgcnNY8bY6IsZ8LG61Iytbz7HpNVGX2u1RthOs1tRW8luTzSG1MPL0Ox7afyAVMYeFqSPHnaQ==}
    engines: {node: '>=20.18.0'}
    peerDependencies:
      typescript: ^5.0.0
    peerDependenciesMeta:
      typescript:
        optional: true

  '@solana/instructions@5.5.1':
    resolution: {integrity: sha512-h0G1CG6S+gUUSt0eo6rOtsaXRBwCq1+Js2a+Ps9Bzk9q7YHNFA75/X0NWugWLgC92waRp66hrjMTiYYnLBoWOQ==}
    engines: {node: '>=20.18.0'}
    peerDependencies:
      typescript: ^5.0.0
    peerDependenciesMeta:
      typescript:
        optional: true

  '@solana/keys@5.5.1':
    resolution: {integrity: sha512-KRD61cL7CRL+b4r/eB9dEoVxIf/2EJ1Pm1DmRYhtSUAJD2dJ5Xw8QFuehobOGm9URqQ7gaQl+Fkc1qvDlsWqKg==}
    engines: {node: '>=20.18.0'}
    peerDependencies:
      typescript: ^5.0.0
    peerDependenciesMeta:
      typescript:
        optional: true

  '@solana/kit@5.5.1':
    resolution: {integrity: sha512-irKUGiV2yRoyf+4eGQ/ZeCRxa43yjFEL1DUI5B0DkcfZw3cr0VJtVJnrG8OtVF01vT0OUfYOcUn6zJW5TROHvQ==}
    engines: {node: '>=20.18.0'}
    peerDependencies:
      typescript: ^5.0.0
    peerDependenciesMeta:
      typescript:
        optional: true

  '@solana/nominal-types@5.5.1':
    resolution: {integrity: sha512-I1ImR+kfrLFxN5z22UDiTWLdRZeKtU0J/pkWkO8qm/8WxveiwdIv4hooi8pb6JnlR4mSrWhq0pCIOxDYrL9GIQ==}
    engines: {node: '>=20.18.0'}
    peerDependencies:
      typescript: ^5.0.0
    peerDependenciesMeta:
      typescript:
        optional: true

  '@solana/offchain-messages@5.5.1':
    resolution: {integrity: sha512-g+xHH95prTU+KujtbOzj8wn+C7ZNoiLhf3hj6nYq3MTyxOXtBEysguc97jJveUZG0K97aIKG6xVUlMutg5yxhw==}
    engines: {node: '>=20.18.0'}
    peerDependencies:
      typescript: ^5.0.0
    peerDependenciesMeta:
      typescript:
        optional: true

  '@solana/options@5.5.1':
    resolution: {integrity: sha512-eo971c9iLNLmk+yOFyo7yKIJzJ/zou6uKpy6mBuyb/thKtS/haiKIc3VLhyTXty3OH2PW8yOlORJnv4DexJB8A==}
    engines: {node: '>=20.18.0'}
    peerDependencies:
      typescript: ^5.0.0
    peerDependenciesMeta:
      typescript:
        optional: true

  '@solana/plugin-core@5.5.1':
    resolution: {integrity: sha512-VUZl30lDQFJeiSyNfzU1EjYt2QZvoBFKEwjn1lilUJw7KgqD5z7mbV7diJhT+dLFs36i0OsjXvq5kSygn8YJ3A==}
    engines: {node: '>=20.18.0'}
    peerDependencies:
      typescript: ^5.0.0
    peerDependenciesMeta:
      typescript:
        optional: true

  '@solana/programs@5.5.1':
    resolution: {integrity: sha512-7U9kn0Jsx1NuBLn5HRTFYh78MV4XN145Yc3WP/q5BlqAVNlMoU9coG5IUTJIG847TUqC1lRto3Dnpwm6T4YRpA==}
    engines: {node: '>=20.18.0'}
    peerDependencies:
      typescript: ^5.0.0
    peerDependenciesMeta:
      typescript:
        optional: true

  '@solana/promises@5.5.1':
    resolution: {integrity: sha512-T9lfuUYkGykJmppEcssNiCf6yiYQxJkhiLPP+pyAc2z84/7r3UVIb2tNJk4A9sucS66pzJnVHZKcZVGUUp6wzA==}
    engines: {node: '>=20.18.0'}
    peerDependencies:
      typescript: ^5.0.0
    peerDependenciesMeta:
      typescript:
        optional: true

  '@solana/rpc-api@5.5.1':
    resolution: {integrity: sha512-XWOQQPhKl06Vj0xi3RYHAc6oEQd8B82okYJ04K7N0Vvy3J4PN2cxeK7klwkjgavdcN9EVkYCChm2ADAtnztKnA==}
    engines: {node: '>=20.18.0'}
    peerDependencies:
      typescript: ^5.0.0
    peerDependenciesMeta:
      typescript:
        optional: true

  '@solana/rpc-parsed-types@5.5.1':
    resolution: {integrity: sha512-HEi3G2nZqGEsa3vX6U0FrXLaqnUCg4SKIUrOe8CezD+cSFbRTOn3rCLrUmJrhVyXlHoQVaRO9mmeovk31jWxJg==}
    engines: {node: '>=20.18.0'}
    peerDependencies:
      typescript: ^5.0.0
    peerDependenciesMeta:
      typescript:
        optional: true

  '@solana/rpc-spec-types@5.5.1':
    resolution: {integrity: sha512-6OFKtRpIEJQs8Jb2C4OO8KyP2h2Hy1MFhatMAoXA+0Ik8S3H+CicIuMZvGZ91mIu/tXicuOOsNNLu3HAkrakrw==}
    engines: {node: '>=20.18.0'}
    peerDependencies:
      typescript: ^5.0.0
    peerDependenciesMeta:
      typescript:
        optional: true

  '@solana/rpc-spec@5.5.1':
    resolution: {integrity: sha512-m3LX2bChm3E3by4mQrH4YwCAFY57QBzuUSWqlUw7ChuZ+oLLOq7b2czi4i6L4Vna67j3eCmB3e+4tqy1j5wy7Q==}
    engines: {node: '>=20.18.0'}
    peerDependencies:
      typescript: ^5.0.0
    peerDependenciesMeta:
      typescript:
        optional: true

  '@solana/rpc-subscriptions-api@5.5.1':
    resolution: {integrity: sha512-5Oi7k+GdeS8xR2ly1iuSFkAv6CZqwG0Z6b1QZKbEgxadE1XGSDrhM2cn59l+bqCozUWCqh4c/A2znU/qQjROlw==}
    engines: {node: '>=20.18.0'}
    peerDependencies:
      typescript: ^5.0.0
    peerDependenciesMeta:
      typescript:
        optional: true

  '@solana/rpc-subscriptions-channel-websocket@5.5.1':
    resolution: {integrity: sha512-7tGfBBrYY8TrngOyxSHoCU5shy86iA9SRMRrPSyBhEaZRAk6dnbdpmUTez7gtdVo0BCvh9nzQtUycKWSS7PnFQ==}
    engines: {node: '>=20.18.0'}
    peerDependencies:
      typescript: ^5.0.0
    peerDependenciesMeta:
      typescript:
        optional: true

  '@solana/rpc-subscriptions-spec@5.5.1':
    resolution: {integrity: sha512-iq+rGq5fMKP3/mKHPNB6MC8IbVW41KGZg83Us/+LE3AWOTWV1WT20KT2iH1F1ik9roi42COv/TpoZZvhKj45XQ==}
    engines: {node: '>=20.18.0'}
    peerDependencies:
      typescript: ^5.0.0
    peerDependenciesMeta:
      typescript:
        optional: true

  '@solana/rpc-subscriptions@5.5.1':
    resolution: {integrity: sha512-CTMy5bt/6mDh4tc6vUJms9EcuZj3xvK0/xq8IQ90rhkpYvate91RjBP+egvjgSayUg9yucU9vNuUpEjz4spM7w==}
    engines: {node: '>=20.18.0'}
    peerDependencies:
      typescript: ^5.0.0
    peerDependenciesMeta:
      typescript:
        optional: true

  '@solana/rpc-transformers@5.5.1':
    resolution: {integrity: sha512-OsWqLCQdcrRJKvHiMmwFhp9noNZ4FARuMkHT5us3ustDLXaxOjF0gfqZLnMkulSLcKt7TGXqMhBV+HCo7z5M8Q==}
    engines: {node: '>=20.18.0'}
    peerDependencies:
      typescript: ^5.0.0
    peerDependenciesMeta:
      typescript:
        optional: true

  '@solana/rpc-transport-http@5.5.1':
    resolution: {integrity: sha512-yv8GoVSHqEV0kUJEIhkdOVkR2SvJ6yoWC51cJn2rSV7plr6huLGe0JgujCmB7uZhhaLbcbP3zxXxu9sOjsi7Fg==}
    engines: {node: '>=20.18.0'}
    peerDependencies:
      typescript: ^5.0.0
    peerDependenciesMeta:
      typescript:
        optional: true

  '@solana/rpc-types@5.5.1':
    resolution: {integrity: sha512-bibTFQ7PbHJJjGJPmfYC2I+/5CRFS4O2p9WwbFraX1Keeel+nRrt/NBXIy8veP5AEn2sVJIyJPpWBRpCx1oATA==}
    engines: {node: '>=20.18.0'}
    peerDependencies:
      typescript: ^5.0.0
    peerDependenciesMeta:
      typescript:
        optional: true

  '@solana/rpc@5.5.1':
    resolution: {integrity: sha512-ku8zTUMrkCWci66PRIBC+1mXepEnZH/q1f3ck0kJZ95a06bOTl5KU7HeXWtskkyefzARJ5zvCs54AD5nxjQJ+A==}
    engines: {node: '>=20.18.0'}
    peerDependencies:
      typescript: ^5.0.0
    peerDependenciesMeta:
      typescript:
        optional: true

  '@solana/signers@5.5.1':
    resolution: {integrity: sha512-FY0IVaBT2kCAze55vEieR6hag4coqcuJ31Aw3hqRH7mv6sV8oqwuJmUrx+uFwOp1gwd5OEAzlv6N4hOOple4sQ==}
    engines: {node: '>=20.18.0'}
    peerDependencies:
      typescript: ^5.0.0
    peerDependenciesMeta:
      typescript:
        optional: true

  '@solana/subscribable@5.5.1':
    resolution: {integrity: sha512-9K0PsynFq0CsmK1CDi5Y2vUIJpCqkgSS5yfDN0eKPgHqEptLEaia09Kaxc90cSZDZU5mKY/zv1NBmB6Aro9zQQ==}
    engines: {node: '>=20.18.0'}
    peerDependencies:
      typescript: ^5.0.0
    peerDependenciesMeta:
      typescript:
        optional: true

  '@solana/sysvars@5.5.1':
    resolution: {integrity: sha512-k3Quq87Mm+geGUu1GWv6knPk0ALsfY6EKSJGw9xUJDHzY/RkYSBnh0RiOrUhtFm2TDNjOailg8/m0VHmi3reFA==}
    engines: {node: '>=20.18.0'}
    peerDependencies:
      typescript: ^5.0.0
    peerDependenciesMeta:
      typescript:
        optional: true

  '@solana/transaction-confirmation@5.5.1':
    resolution: {integrity: sha512-j4mKlYPHEyu+OD7MBt3jRoX4ScFgkhZC6H65on4Fux6LMScgivPJlwnKoZMnsgxFgWds0pl+BYzSiALDsXlYtw==}
    engines: {node: '>=20.18.0'}
    peerDependencies:
      typescript: ^5.0.0
    peerDependenciesMeta:
      typescript:
        optional: true

  '@solana/transaction-messages@5.5.1':
    resolution: {integrity: sha512-aXyhMCEaAp3M/4fP0akwBBQkFPr4pfwoC5CLDq999r/FUwDax2RE/h4Ic7h2Xk+JdcUwsb+rLq85Y52hq84XvQ==}
    engines: {node: '>=20.18.0'}
    peerDependencies:
      typescript: ^5.0.0
    peerDependenciesMeta:
      typescript:
        optional: true

  '@solana/transactions@5.5.1':
    resolution: {integrity: sha512-8hHtDxtqalZ157pnx6p8k10D7J/KY/biLzfgh9R09VNLLY3Fqi7kJvJCr7M2ik3oRll56pxhraAGCC9yIT6eOA==}
    engines: {node: '>=20.18.0'}
    peerDependencies:
      typescript: ^5.0.0
    peerDependenciesMeta:
      typescript:
        optional: true

  '@spruceid/siwe-parser@2.1.2':
    resolution: {integrity: sha512-d/r3S1LwJyMaRAKQ0awmo9whfXeE88Qt00vRj91q5uv5ATtWIQEGJ67Yr5eSZw5zp1/fZCXZYuEckt8lSkereQ==}

  '@stablelib/binary@1.0.1':
    resolution: {integrity: sha512-ClJWvmL6UBM/wjkvv/7m5VP3GMr9t0osr4yVgLZsLCOz4hGN9gIAFEqnJ0TsSMAN+n840nf2cHZnA5/KFqHC7Q==}

  '@stablelib/int@1.0.1':
    resolution: {integrity: sha512-byr69X/sDtDiIjIV6m4roLVWnNNlRGzsvxw+agj8CIEazqWGOQp2dTYgQhtyVXV9wpO6WyXRQUzLV/JRNumT2w==}

  '@stablelib/random@1.0.2':
    resolution: {integrity: sha512-rIsE83Xpb7clHPVRlBj8qNe5L8ISQOzjghYQm/dZ7VaM2KHYwMW5adjQjrzTZCchFnNCNhkwtnOBa9HTMJCI8w==}

  '@stablelib/wipe@1.0.1':
    resolution: {integrity: sha512-WfqfX/eXGiAd3RJe4VU2snh/ZPwtSjLG4ynQ/vYzvghTh7dHFcI1wl+nrkWG6lGhukOxOsUHfv8dUXr58D0ayg==}

  '@types/bs58@4.0.4':
    resolution: {integrity: sha512-0IEpMFXXQi2zXaXl9GJ3sRwQo0uEkD+yFOv+FnAU5lkPtcu6h61xb7jc2CFPEZ5BUOaiP13ThuGc9HD4R8lR5g==}

  '@types/node@22.7.5':
    resolution: {integrity: sha512-jML7s2NAzMWc//QSJ1a3prpk78cOPchGvXJsC3C6R6PSMoooztvRVQEz89gmBTBY1SPMaqo5teB4uNHPdetShQ==}

  '@types/node@25.5.0':
    resolution: {integrity: sha512-jp2P3tQMSxWugkCUKLRPVUpGaL5MVFwF8RDuSRztfwgN1wmqJeMSbKlnEtQqU8UrhTmzEmZdu2I6v2dpp7XIxw==}

  '@x402/core@2.6.0':
    resolution: {integrity: sha512-ISC/JeVss6xlKvor2rp18tJf9K5OQlIDDfZW1VZJQGDI2F4gy+HWxxkFfcQalCsPp4YUlwqh0YOkUxP+LTZWVg==}

  '@x402/extensions@2.6.0':
    resolution: {integrity: sha512-aLY9xAOOiRLKDN9HT2r9TYUXbD+IsoBces9qPZNVJGO2TBi2rfmbIBc3pcKCtWKn3iTvG2QFr3gpOFdpJRzqww==}

  '@x402/hono@2.6.0':
    resolution: {integrity: sha512-Wt+7Ik6gnVNEY57O+A8/hueL9j+DvbNtHvvqKkTvpq6gadvU2ZtOn++0sWtDIFKRaTq3MVix/rWKlNCRoG0hDQ==}
    peerDependencies:
      '@x402/paywall': 2.6.0
      hono: ^4.0.0
    peerDependenciesMeta:
      '@x402/paywall':
        optional: true

  '@x402/svm@2.6.0':
    resolution: {integrity: sha512-SayKQSpN82XQ3qq46d1p348z+nPrYa9SyJ2MXfhwqmGE6JeEd2d0tSUpmghUKjucG8HZ1H4Man9yp/b/9cQZxg==}
    peerDependencies:
      '@solana/kit': '>=5.1.0'

  abitype@1.2.3:
    resolution: {integrity: sha512-Ofer5QUnuUdTFsBRwARMoWKOH1ND5ehwYhJ3OJ/BQO+StkwQjHw0XyVh4vDttzHB7QOFhPHa/o413PJ82gU/Tg==}
    peerDependencies:
      typescript: '>=5.0.4'
      zod: ^3.22.0 || ^4.0.0
    peerDependenciesMeta:
      typescript:
        optional: true
      zod:
        optional: true

  aes-js@4.0.0-beta.5:
    resolution: {integrity: sha512-G965FqalsNyrPqgEGON7nIx1e/OVENSgiEIzyC63haUMuvNnwIgIjMs52hlTCKhkBny7A2ORNlfY9Zu+jmGk1Q==}

  ajv@8.18.0:
    resolution: {integrity: sha512-PlXPeEWMXMZ7sPYOHqmDyCJzcfNrUr3fGNKtezX14ykXOEIvyK81d+qydx89KY5O71FKMPaQ2vBfBFI5NHR63A==}

  apg-js@4.4.0:
    resolution: {integrity: sha512-fefmXFknJmtgtNEXfPwZKYkMFX4Fyeyz+fNF6JWp87biGOPslJbCBVU158zvKRZfHBKnJDy8CMM40oLFGkXT8Q==}

  base-x@3.0.11:
    resolution: {integrity: sha512-xz7wQ8xDhdyP7tQxwdteLYeFfS68tSMNCZ/Y37WJ4bhGfKPpqEIlmIyueQHqOyoPhE6xNUqjzRr8ra0eF9VRvA==}

  base-x@5.0.1:
    resolution: {integrity: sha512-M7uio8Zt++eg3jPj+rHMfCC+IuygQHHCOU+IYsVtik6FWjuYpVt/+MRKcgsAMHh8mMFAwnB+Bs+mTrFiXjMzKg==}

  bs58@6.0.0:
    resolution: {integrity: sha512-PD0wEnEYg6ijszw/u8s+iI3H17cTymlrwkKhDhPZq+Sokl3AU4htyBFTjAeNAlCCmg0f53g6ih3jATyCKftTfw==}

  bun-types@1.3.10:
    resolution: {integrity: sha512-tcpfCCl6XWo6nCVnpcVrxQ+9AYN1iqMIzgrSKYMB/fjLtV2eyAVEg7AxQJuCq/26R6HpKWykQXuSOq/21RYcbg==}

  chalk@5.6.2:
    resolution: {integrity: sha512-7NzBL0rN6fMUW+f7A6Io4h40qQlG+xGmtMxfbnH/K7TAtt8JQWVQK+6g0UXKMeVJoyV5EkkNsErQ8pVD3bLHbA==}
    engines: {node: ^12.17.0 || ^14.13 || >=16.0.0}

  cluster-key-slot@1.1.2:
    resolution: {integrity: sha512-RMr0FhtfXemyinomL4hrWcYJxmX6deFdCxpJzhDttxgO1+bcCnkk+9drydLVDmAMG7NE6aN/fl4F7ucU/90gAA==}
    engines: {node: '>=0.10.0'}

  commander@14.0.2:
    resolution: {integrity: sha512-TywoWNNRbhoD0BXs1P3ZEScW8W5iKrnbithIl0YH+uCmBd0QpPOA8yc82DS3BIE5Ma6FnBVUsJ7wVUDz4dvOWQ==}
    engines: {node: '>=20'}

  ethers@6.16.0:
    resolution: {integrity: sha512-U1wulmetNymijEhpSEQ7Ct/P/Jw9/e7R1j5XIbPRydgV2DjLVMsULDlNksq3RQnFgKoLlZf88ijYtWEXcPa07A==}
    engines: {node: '>=14.0.0'}

  eventemitter3@5.0.1:
    resolution: {integrity: sha512-GWkBvjiSZK87ELrYOSESUYeVIc9mvLLf/nXalMOS5dYrgZq9o5OVkbZAVM06CVxYsCwH9BDZFPlQTlPA1j4ahA==}

  fast-deep-equal@3.1.3:
    resolution: {integrity: sha512-f3qQ9oQy9j2AhBe/H9VC91wLmKBCCU/gDOnKNAYG5hswO7BLKj09Hc5HYNz9cGI++xlpDCIgDaitVs03ATR84Q==}

  fast-uri@3.1.0:
    resolution: {integrity: sha512-iPeeDKJSWf4IEOasVVrknXpaBV0IApz/gp7S2bb7Z4Lljbl2MGJRqInZiUrQwV16cpzw/D3S5j5Julj/gT52AA==}

  generic-pool@3.9.0:
    resolution: {integrity: sha512-hymDOu5B53XvN4QT9dBmZxPX4CWhBPPLguTZ9MMFeFa/Kg0xWVfylOVNlJji/E7yTZWFd/q9GO5TxDLq156D7g==}
    engines: {node: '>= 4'}

  hono@4.12.7:
    resolution: {integrity: sha512-jq9l1DM0zVIvsm3lv9Nw9nlJnMNPOcAtsbsgiUhWcFzPE99Gvo6yRTlszSLLYacMeQ6quHD6hMfId8crVHvexw==}
    engines: {node: '>=16.9.0'}

  isows@1.0.7:
    resolution: {integrity: sha512-I1fSfDCZL5P0v33sVqeTDSpcstAg/N+wF5HS033mogOVIp4B+oHC7oOCsA3axAbBSGTJ8QubbNmnIRN/h8U7hg==}
    peerDependencies:
      ws: '*'

  json-schema-traverse@1.0.0:
    resolution: {integrity: sha512-NM8/P9n3XjXhIZn1lLhkFaACTOURQXjWhV4BA/RnOv8xvgqtqpAX9IO4mRQxSx1Rlo4tqzeqb0sOlruaOy3dug==}

  ox@0.14.0:
    resolution: {integrity: sha512-WLOB7IKnmI3Ol6RAqY7CJdZKl8QaI44LN91OGF1061YIeN6bL5IsFcdp7+oQShRyamE/8fW/CBRWhJAOzI35Dw==}
    peerDependencies:
      typescript: '>=5.4.0'
    peerDependenciesMeta:
      typescript:
        optional: true

  punycode@2.3.1:
    resolution: {integrity: sha512-vYt7UD1U9Wg6138shLtLOvdAu+8DsC/ilFtEVHcH+wydcSpNE20AfSOduf6MkRFahL5FY7X1oU7nKVZFtfq8Fg==}
    engines: {node: '>=6'}

  redis@4.7.1:
    resolution: {integrity: sha512-S1bJDnqLftzHXHP8JsT5II/CtHWQrASX5K96REjWjlmWKrviSOLWmM7QnRLstAWsu1VBBV1ffV6DzCvxNP0UJQ==}

  require-from-string@2.0.2:
    resolution: {integrity: sha512-Xf0nWe6RseziFMu+Ap9biiUbmplq6S9/p+7w7YXP/JBHhrUDDUhwa+vANyubuqfZWTveU//DYVGsDG7RKL/vEw==}
    engines: {node: '>=0.10.0'}

  safe-buffer@5.2.1:
    resolution: {integrity: sha512-rp3So07KcdmmKbGvgaNxQSJr7bGVSVk5S9Eq1F+ppbRo70+YeaDxkw5Dd8NPN+GD6bjnYm2VuPuCXmpuYvmCXQ==}

  siwe@2.3.2:
    resolution: {integrity: sha512-aSf+6+Latyttbj5nMu6GF3doMfv2UYj83hhwZgUF20ky6fTS83uVhkQABdIVnEuS8y1bBdk7p6ltb9SmlhTTlA==}
    peerDependencies:
      ethers: ^5.6.8 || ^6.0.8

  tslib@2.7.0:
    resolution: {integrity: sha512-gLXCKdN1/j47AiHiOkJN69hJmcbGTHI0ImLmbYLHykhgeN0jVGola9yVjFgzCUklsZQMW55o+dW7IXv3RCXDzA==}

  tweetnacl@1.0.3:
    resolution: {integrity: sha512-6rt+RN7aOi1nGMyC4Xa5DdYiukl2UWCbcJft7YhxReBGQD7OAM8Pbxw6YMo4r2diNEA8FEmu32YOn9rhaiE5yw==}

  typescript@5.9.3:
    resolution: {integrity: sha512-jl1vZzPDinLr9eUt3J/t7V6FgNEw9QjvBPdysz9KfQDD41fQrC2Y4vKQdiaUpFT4bXlb1RHhLpp8wtm6M5TgSw==}
    engines: {node: '>=14.17'}
    hasBin: true

  undici-types@6.19.8:
    resolution: {integrity: sha512-ve2KP6f/JnbPBFyobGHuerC9g1FYGn/F8n1LWTwNxCEzd6IfqTwUQcNXgEtmmQ6DlRrC1hrSrBnCZPokRrDHjw==}

  undici-types@7.18.2:
    resolution: {integrity: sha512-AsuCzffGHJybSaRrmr5eHr81mwJU3kjw6M+uprWvCXiNeN9SOGwQ3Jn8jb8m3Z6izVgknn1R0FTCEAP2QrLY/w==}

  undici-types@7.24.0:
    resolution: {integrity: sha512-1beJCk3fcUtxAHf19TmrEd0yF3Co7El8fJvlSufm9EQNMKVR9H5XiamszDDt/FwinyUQPHpL2w8u9ZL8i8RtVg==}

  uri-js@4.4.1:
    resolution: {integrity: sha512-7rKUyy33Q1yc98pQ1DAmLtwX109F7TIfWlW1Ydo8Wl1ii1SeHieeh0HHfPeL2fMXK6z0s8ecKs9frCuLJvndBg==}

  valid-url@1.0.9:
    resolution: {integrity: sha512-QQDsV8OnSf5Uc30CKSwG9lnhMPe6exHtTXLRYX8uMwKENy640pU+2BgBL0LRbDh/eYRahNCS7aewCx0wf3NYVA==}

  viem@2.47.2:
    resolution: {integrity: sha512-etDIwDgmDiGaPg8rUbJtUFuC3/nAJCbhMYyfh5dOcqNNkzBWTNcS2VluPSM5JVo+9U3b2hle2RkBEq3+xyvlvg==}
    peerDependencies:
      typescript: '>=5.0.4'
    peerDependenciesMeta:
      typescript:
        optional: true

  ws@8.17.1:
    resolution: {integrity: sha512-6XQFvXTkbfUOZOKKILFG1PDK2NDQs4azKQl26T0YS5CxqWLgXajbPZ+h4gZekJyRqFU8pvnbAbbs/3TgRPy+GQ==}
    engines: {node: '>=10.0.0'}
    peerDependencies:
      bufferutil: ^4.0.1
      utf-8-validate: '>=5.0.2'
    peerDependenciesMeta:
      bufferutil:
        optional: true
      utf-8-validate:
        optional: true

  ws@8.18.3:
    resolution: {integrity: sha512-PEIGCY5tSlUt50cqyMXfCzX+oOPqN0vuGqWzbcJ2xvnkzkq46oOpz7dQaTDBdfICb4N14+GARUDw2XV2N4tvzg==}
    engines: {node: '>=10.0.0'}
    peerDependencies:
      bufferutil: ^4.0.1
      utf-8-validate: '>=5.0.2'
    peerDependenciesMeta:
      bufferutil:
        optional: true
      utf-8-validate:
        optional: true

  ws@8.19.0:
    resolution: {integrity: sha512-blAT2mjOEIi0ZzruJfIhb3nps74PRWTCz1IjglWEEpQl5XS/UNama6u2/rjFkDDouqr4L67ry+1aGIALViWjDg==}
    engines: {node: '>=10.0.0'}
    peerDependencies:
      bufferutil: ^4.0.1
      utf-8-validate: '>=5.0.2'
    peerDependenciesMeta:
      bufferutil:
        optional: true
      utf-8-validate:
        optional: true

  yallist@4.0.0:
    resolution: {integrity: sha512-3wdGidZyq5PB084XLES5TpOSRA3wjXAlIWMhum2kRcv/41Sn2emQ0dycQW4uZXLejwKvg6EsvbdlVL+FYEct7A==}

  zod@3.25.76:
    resolution: {integrity: sha512-gzUt/qt81nXsFGKIFcC3YnfEAx5NkunCfnDlvuBSSFS02bcXu4Lmea0AFIUwbLWxWPx3d9p8S5QoaujKcNQxcQ==}

snapshots:

  '@adraffy/ens-normalize@1.10.1': {}

  '@adraffy/ens-normalize@1.11.1': {}

  '@noble/ciphers@1.3.0': {}

  '@noble/curves@1.2.0':
    dependencies:
      '@noble/hashes': 1.3.2

  '@noble/curves@1.9.1':
    dependencies:
      '@noble/hashes': 1.8.0

  '@noble/hashes@1.3.2': {}

  '@noble/hashes@1.8.0': {}

  '@redis/bloom@1.2.0(@redis/client@1.6.1)':
    dependencies:
      '@redis/client': 1.6.1

  '@redis/client@1.6.1':
    dependencies:
      cluster-key-slot: 1.1.2
      generic-pool: 3.9.0
      yallist: 4.0.0

  '@redis/graph@1.1.1(@redis/client@1.6.1)':
    dependencies:
      '@redis/client': 1.6.1

  '@redis/json@1.0.7(@redis/client@1.6.1)':
    dependencies:
      '@redis/client': 1.6.1

  '@redis/search@1.2.0(@redis/client@1.6.1)':
    dependencies:
      '@redis/client': 1.6.1

  '@redis/time-series@1.1.0(@redis/client@1.6.1)':
    dependencies:
      '@redis/client': 1.6.1

  '@scure/base@1.2.6': {}

  '@scure/bip32@1.7.0':
    dependencies:
      '@noble/curves': 1.9.1
      '@noble/hashes': 1.8.0
      '@scure/base': 1.2.6

  '@scure/bip39@1.6.0':
    dependencies:
      '@noble/hashes': 1.8.0
      '@scure/base': 1.2.6

  '@solana-program/compute-budget@0.11.0(@solana/kit@5.5.1(typescript@5.9.3))':
    dependencies:
      '@solana/kit': 5.5.1(typescript@5.9.3)

  '@solana-program/token-2022@0.6.1(@solana/kit@5.5.1(typescript@5.9.3))(@solana/sysvars@5.5.1(typescript@5.9.3))':
    dependencies:
      '@solana/kit': 5.5.1(typescript@5.9.3)
      '@solana/sysvars': 5.5.1(typescript@5.9.3)

  '@solana-program/token@0.9.0(@solana/kit@5.5.1(typescript@5.9.3))':
    dependencies:
      '@solana/kit': 5.5.1(typescript@5.9.3)

  '@solana/accounts@5.5.1(typescript@5.9.3)':
    dependencies:
      '@solana/addresses': 5.5.1(typescript@5.9.3)
      '@solana/codecs-core': 5.5.1(typescript@5.9.3)
      '@solana/codecs-strings': 5.5.1(typescript@5.9.3)
      '@solana/errors': 5.5.1(typescript@5.9.3)
      '@solana/rpc-spec': 5.5.1(typescript@5.9.3)
      '@solana/rpc-types': 5.5.1(typescript@5.9.3)
    optionalDependencies:
      typescript: 5.9.3
    transitivePeerDependencies:
      - fastestsmallesttextencoderdecoder

  '@solana/addresses@5.5.1(typescript@5.9.3)':
    dependencies:
      '@solana/assertions': 5.5.1(typescript@5.9.3)
      '@solana/codecs-core': 5.5.1(typescript@5.9.3)
      '@solana/codecs-strings': 5.5.1(typescript@5.9.3)
      '@solana/errors': 5.5.1(typescript@5.9.3)
      '@solana/nominal-types': 5.5.1(typescript@5.9.3)
    optionalDependencies:
      typescript: 5.9.3
    transitivePeerDependencies:
      - fastestsmallesttextencoderdecoder

  '@solana/assertions@5.5.1(typescript@5.9.3)':
    dependencies:
      '@solana/errors': 5.5.1(typescript@5.9.3)
    optionalDependencies:
      typescript: 5.9.3

  '@solana/codecs-core@5.5.1(typescript@5.9.3)':
    dependencies:
      '@solana/errors': 5.5.1(typescript@5.9.3)
    optionalDependencies:
      typescript: 5.9.3

  '@solana/codecs-data-structures@5.5.1(typescript@5.9.3)':
    dependencies:
      '@solana/codecs-core': 5.5.1(typescript@5.9.3)
      '@solana/codecs-numbers': 5.5.1(typescript@5.9.3)
      '@solana/errors': 5.5.1(typescript@5.9.3)
    optionalDependencies:
      typescript: 5.9.3

  '@solana/codecs-numbers@5.5.1(typescript@5.9.3)':
    dependencies:
      '@solana/codecs-core': 5.5.1(typescript@5.9.3)
      '@solana/errors': 5.5.1(typescript@5.9.3)
    optionalDependencies:
      typescript: 5.9.3

  '@solana/codecs-strings@5.5.1(typescript@5.9.3)':
    dependencies:
      '@solana/codecs-core': 5.5.1(typescript@5.9.3)
      '@solana/codecs-numbers': 5.5.1(typescript@5.9.3)
      '@solana/errors': 5.5.1(typescript@5.9.3)
    optionalDependencies:
      typescript: 5.9.3

  '@solana/codecs@5.5.1(typescript@5.9.3)':
    dependencies:
      '@solana/codecs-core': 5.5.1(typescript@5.9.3)
      '@solana/codecs-data-structures': 5.5.1(typescript@5.9.3)
      '@solana/codecs-numbers': 5.5.1(typescript@5.9.3)
      '@solana/codecs-strings': 5.5.1(typescript@5.9.3)
      '@solana/options': 5.5.1(typescript@5.9.3)
    optionalDependencies:
      typescript: 5.9.3
    transitivePeerDependencies:
      - fastestsmallesttextencoderdecoder

  '@solana/errors@5.5.1(typescript@5.9.3)':
    dependencies:
      chalk: 5.6.2
      commander: 14.0.2
    optionalDependencies:
      typescript: 5.9.3

  '@solana/fast-stable-stringify@5.5.1(typescript@5.9.3)':
    optionalDependencies:
      typescript: 5.9.3

  '@solana/functional@5.5.1(typescript@5.9.3)':
    optionalDependencies:
      typescript: 5.9.3

  '@solana/instruction-plans@5.5.1(typescript@5.9.3)':
    dependencies:
      '@solana/errors': 5.5.1(typescript@5.9.3)
      '@solana/instructions': 5.5.1(typescript@5.9.3)
      '@solana/keys': 5.5.1(typescript@5.9.3)
      '@solana/promises': 5.5.1(typescript@5.9.3)
      '@solana/transaction-messages': 5.5.1(typescript@5.9.3)
      '@solana/transactions': 5.5.1(typescript@5.9.3)
    optionalDependencies:
      typescript: 5.9.3
    transitivePeerDependencies:
      - fastestsmallesttextencoderdecoder

  '@solana/instructions@5.5.1(typescript@5.9.3)':
    dependencies:
      '@solana/codecs-core': 5.5.1(typescript@5.9.3)
      '@solana/errors': 5.5.1(typescript@5.9.3)
    optionalDependencies:
      typescript: 5.9.3

  '@solana/keys@5.5.1(typescript@5.9.3)':
    dependencies:
      '@solana/assertions': 5.5.1(typescript@5.9.3)
      '@solana/codecs-core': 5.5.1(typescript@5.9.3)
      '@solana/codecs-strings': 5.5.1(typescript@5.9.3)
      '@solana/errors': 5.5.1(typescript@5.9.3)
      '@solana/nominal-types': 5.5.1(typescript@5.9.3)
    optionalDependencies:
      typescript: 5.9.3
    transitivePeerDependencies:
      - fastestsmallesttextencoderdecoder

  '@solana/kit@5.5.1(typescript@5.9.3)':
    dependencies:
      '@solana/accounts': 5.5.1(typescript@5.9.3)
      '@solana/addresses': 5.5.1(typescript@5.9.3)
      '@solana/codecs': 5.5.1(typescript@5.9.3)
      '@solana/errors': 5.5.1(typescript@5.9.3)
      '@solana/functional': 5.5.1(typescript@5.9.3)
      '@solana/instruction-plans': 5.5.1(typescript@5.9.3)
      '@solana/instructions': 5.5.1(typescript@5.9.3)
      '@solana/keys': 5.5.1(typescript@5.9.3)
      '@solana/offchain-messages': 5.5.1(typescript@5.9.3)
      '@solana/plugin-core': 5.5.1(typescript@5.9.3)
      '@solana/programs': 5.5.1(typescript@5.9.3)
      '@solana/rpc': 5.5.1(typescript@5.9.3)
      '@solana/rpc-api': 5.5.1(typescript@5.9.3)
      '@solana/rpc-parsed-types': 5.5.1(typescript@5.9.3)
      '@solana/rpc-spec-types': 5.5.1(typescript@5.9.3)
      '@solana/rpc-subscriptions': 5.5.1(typescript@5.9.3)
      '@solana/rpc-types': 5.5.1(typescript@5.9.3)
      '@solana/signers': 5.5.1(typescript@5.9.3)
      '@solana/sysvars': 5.5.1(typescript@5.9.3)
      '@solana/transaction-confirmation': 5.5.1(typescript@5.9.3)
      '@solana/transaction-messages': 5.5.1(typescript@5.9.3)
      '@solana/transactions': 5.5.1(typescript@5.9.3)
    optionalDependencies:
      typescript: 5.9.3
    transitivePeerDependencies:
      - bufferutil
      - fastestsmallesttextencoderdecoder
      - utf-8-validate

  '@solana/nominal-types@5.5.1(typescript@5.9.3)':
    optionalDependencies:
      typescript: 5.9.3

  '@solana/offchain-messages@5.5.1(typescript@5.9.3)':
    dependencies:
      '@solana/addresses': 5.5.1(typescript@5.9.3)
      '@solana/codecs-core': 5.5.1(typescript@5.9.3)
      '@solana/codecs-data-structures': 5.5.1(typescript@5.9.3)
      '@solana/codecs-numbers': 5.5.1(typescript@5.9.3)
      '@solana/codecs-strings': 5.5.1(typescript@5.9.3)
      '@solana/errors': 5.5.1(typescript@5.9.3)
      '@solana/keys': 5.5.1(typescript@5.9.3)
      '@solana/nominal-types': 5.5.1(typescript@5.9.3)
    optionalDependencies:
      typescript: 5.9.3
    transitivePeerDependencies:
      - fastestsmallesttextencoderdecoder

  '@solana/options@5.5.1(typescript@5.9.3)':
    dependencies:
      '@solana/codecs-core': 5.5.1(typescript@5.9.3)
      '@solana/codecs-data-structures': 5.5.1(typescript@5.9.3)
      '@solana/codecs-numbers': 5.5.1(typescript@5.9.3)
      '@solana/codecs-strings': 5.5.1(typescript@5.9.3)
      '@solana/errors': 5.5.1(typescript@5.9.3)
    optionalDependencies:
      typescript: 5.9.3
    transitivePeerDependencies:
      - fastestsmallesttextencoderdecoder

  '@solana/plugin-core@5.5.1(typescript@5.9.3)':
    optionalDependencies:
      typescript: 5.9.3

  '@solana/programs@5.5.1(typescript@5.9.3)':
    dependencies:
      '@solana/addresses': 5.5.1(typescript@5.9.3)
      '@solana/errors': 5.5.1(typescript@5.9.3)
    optionalDependencies:
      typescript: 5.9.3
    transitivePeerDependencies:
      - fastestsmallesttextencoderdecoder

  '@solana/promises@5.5.1(typescript@5.9.3)':
    optionalDependencies:
      typescript: 5.9.3

  '@solana/rpc-api@5.5.1(typescript@5.9.3)':
    dependencies:
      '@solana/addresses': 5.5.1(typescript@5.9.3)
      '@solana/codecs-core': 5.5.1(typescript@5.9.3)
      '@solana/codecs-strings': 5.5.1(typescript@5.9.3)
      '@solana/errors': 5.5.1(typescript@5.9.3)
      '@solana/keys': 5.5.1(typescript@5.9.3)
      '@solana/rpc-parsed-types': 5.5.1(typescript@5.9.3)
      '@solana/rpc-spec': 5.5.1(typescript@5.9.3)
      '@solana/rpc-transformers': 5.5.1(typescript@5.9.3)
      '@solana/rpc-types': 5.5.1(typescript@5.9.3)
      '@solana/transaction-messages': 5.5.1(typescript@5.9.3)
      '@solana/transactions': 5.5.1(typescript@5.9.3)
    optionalDependencies:
      typescript: 5.9.3
    transitivePeerDependencies:
      - fastestsmallesttextencoderdecoder

  '@solana/rpc-parsed-types@5.5.1(typescript@5.9.3)':
    optionalDependencies:
      typescript: 5.9.3

  '@solana/rpc-spec-types@5.5.1(typescript@5.9.3)':
    optionalDependencies:
      typescript: 5.9.3

  '@solana/rpc-spec@5.5.1(typescript@5.9.3)':
    dependencies:
      '@solana/errors': 5.5.1(typescript@5.9.3)
      '@solana/rpc-spec-types': 5.5.1(typescript@5.9.3)
    optionalDependencies:
      typescript: 5.9.3

  '@solana/rpc-subscriptions-api@5.5.1(typescript@5.9.3)':
    dependencies:
      '@solana/addresses': 5.5.1(typescript@5.9.3)
      '@solana/keys': 5.5.1(typescript@5.9.3)
      '@solana/rpc-subscriptions-spec': 5.5.1(typescript@5.9.3)
      '@solana/rpc-transformers': 5.5.1(typescript@5.9.3)
      '@solana/rpc-types': 5.5.1(typescript@5.9.3)
      '@solana/transaction-messages': 5.5.1(typescript@5.9.3)
      '@solana/transactions': 5.5.1(typescript@5.9.3)
    optionalDependencies:
      typescript: 5.9.3
    transitivePeerDependencies:
      - fastestsmallesttextencoderdecoder

  '@solana/rpc-subscriptions-channel-websocket@5.5.1(typescript@5.9.3)':
    dependencies:
      '@solana/errors': 5.5.1(typescript@5.9.3)
      '@solana/functional': 5.5.1(typescript@5.9.3)
      '@solana/rpc-subscriptions-spec': 5.5.1(typescript@5.9.3)
      '@solana/subscribable': 5.5.1(typescript@5.9.3)
      ws: 8.19.0
    optionalDependencies:
      typescript: 5.9.3
    transitivePeerDependencies:
      - bufferutil
      - utf-8-validate

  '@solana/rpc-subscriptions-spec@5.5.1(typescript@5.9.3)':
    dependencies:
      '@solana/errors': 5.5.1(typescript@5.9.3)
      '@solana/promises': 5.5.1(typescript@5.9.3)
      '@solana/rpc-spec-types': 5.5.1(typescript@5.9.3)
      '@solana/subscribable': 5.5.1(typescript@5.9.3)
    optionalDependencies:
      typescript: 5.9.3

  '@solana/rpc-subscriptions@5.5.1(typescript@5.9.3)':
    dependencies:
      '@solana/errors': 5.5.1(typescript@5.9.3)
      '@solana/fast-stable-stringify': 5.5.1(typescript@5.9.3)
      '@solana/functional': 5.5.1(typescript@5.9.3)
      '@solana/promises': 5.5.1(typescript@5.9.3)
      '@solana/rpc-spec-types': 5.5.1(typescript@5.9.3)
      '@solana/rpc-subscriptions-api': 5.5.1(typescript@5.9.3)
      '@solana/rpc-subscriptions-channel-websocket': 5.5.1(typescript@5.9.3)
      '@solana/rpc-subscriptions-spec': 5.5.1(typescript@5.9.3)
      '@solana/rpc-transformers': 5.5.1(typescript@5.9.3)
      '@solana/rpc-types': 5.5.1(typescript@5.9.3)
      '@solana/subscribable': 5.5.1(typescript@5.9.3)
    optionalDependencies:
      typescript: 5.9.3
    transitivePeerDependencies:
      - bufferutil
      - fastestsmallesttextencoderdecoder
      - utf-8-validate

  '@solana/rpc-transformers@5.5.1(typescript@5.9.3)':
    dependencies:
      '@solana/errors': 5.5.1(typescript@5.9.3)
      '@solana/functional': 5.5.1(typescript@5.9.3)
      '@solana/nominal-types': 5.5.1(typescript@5.9.3)
      '@solana/rpc-spec-types': 5.5.1(typescript@5.9.3)
      '@solana/rpc-types': 5.5.1(typescript@5.9.3)
    optionalDependencies:
      typescript: 5.9.3
    transitivePeerDependencies:
      - fastestsmallesttextencoderdecoder

  '@solana/rpc-transport-http@5.5.1(typescript@5.9.3)':
    dependencies:
      '@solana/errors': 5.5.1(typescript@5.9.3)
      '@solana/rpc-spec': 5.5.1(typescript@5.9.3)
      '@solana/rpc-spec-types': 5.5.1(typescript@5.9.3)
      undici-types: 7.24.0
    optionalDependencies:
      typescript: 5.9.3

  '@solana/rpc-types@5.5.1(typescript@5.9.3)':
    dependencies:
      '@solana/addresses': 5.5.1(typescript@5.9.3)
      '@solana/codecs-core': 5.5.1(typescript@5.9.3)
      '@solana/codecs-numbers': 5.5.1(typescript@5.9.3)
      '@solana/codecs-strings': 5.5.1(typescript@5.9.3)
      '@solana/errors': 5.5.1(typescript@5.9.3)
      '@solana/nominal-types': 5.5.1(typescript@5.9.3)
    optionalDependencies:
      typescript: 5.9.3
    transitivePeerDependencies:
      - fastestsmallesttextencoderdecoder

  '@solana/rpc@5.5.1(typescript@5.9.3)':
    dependencies:
      '@solana/errors': 5.5.1(typescript@5.9.3)
      '@solana/fast-stable-stringify': 5.5.1(typescript@5.9.3)
      '@solana/functional': 5.5.1(typescript@5.9.3)
      '@solana/rpc-api': 5.5.1(typescript@5.9.3)
      '@solana/rpc-spec': 5.5.1(typescript@5.9.3)
      '@solana/rpc-spec-types': 5.5.1(typescript@5.9.3)
      '@solana/rpc-transformers': 5.5.1(typescript@5.9.3)
      '@solana/rpc-transport-http': 5.5.1(typescript@5.9.3)
      '@solana/rpc-types': 5.5.1(typescript@5.9.3)
    optionalDependencies:
      typescript: 5.9.3
    transitivePeerDependencies:
      - fastestsmallesttextencoderdecoder

  '@solana/signers@5.5.1(typescript@5.9.3)':
    dependencies:
      '@solana/addresses': 5.5.1(typescript@5.9.3)
      '@solana/codecs-core': 5.5.1(typescript@5.9.3)
      '@solana/errors': 5.5.1(typescript@5.9.3)
      '@solana/instructions': 5.5.1(typescript@5.9.3)
      '@solana/keys': 5.5.1(typescript@5.9.3)
      '@solana/nominal-types': 5.5.1(typescript@5.9.3)
      '@solana/offchain-messages': 5.5.1(typescript@5.9.3)
      '@solana/transaction-messages': 5.5.1(typescript@5.9.3)
      '@solana/transactions': 5.5.1(typescript@5.9.3)
    optionalDependencies:
      typescript: 5.9.3
    transitivePeerDependencies:
      - fastestsmallesttextencoderdecoder

  '@solana/subscribable@5.5.1(typescript@5.9.3)':
    dependencies:
      '@solana/errors': 5.5.1(typescript@5.9.3)
    optionalDependencies:
      typescript: 5.9.3

  '@solana/sysvars@5.5.1(typescript@5.9.3)':
    dependencies:
      '@solana/accounts': 5.5.1(typescript@5.9.3)
      '@solana/codecs': 5.5.1(typescript@5.9.3)
      '@solana/errors': 5.5.1(typescript@5.9.3)
      '@solana/rpc-types': 5.5.1(typescript@5.9.3)
    optionalDependencies:
      typescript: 5.9.3
    transitivePeerDependencies:
      - fastestsmallesttextencoderdecoder

  '@solana/transaction-confirmation@5.5.1(typescript@5.9.3)':
    dependencies:
      '@solana/addresses': 5.5.1(typescript@5.9.3)
      '@solana/codecs-strings': 5.5.1(typescript@5.9.3)
      '@solana/errors': 5.5.1(typescript@5.9.3)
      '@solana/keys': 5.5.1(typescript@5.9.3)
      '@solana/promises': 5.5.1(typescript@5.9.3)
      '@solana/rpc': 5.5.1(typescript@5.9.3)
      '@solana/rpc-subscriptions': 5.5.1(typescript@5.9.3)
      '@solana/rpc-types': 5.5.1(typescript@5.9.3)
      '@solana/transaction-messages': 5.5.1(typescript@5.9.3)
      '@solana/transactions': 5.5.1(typescript@5.9.3)
    optionalDependencies:
      typescript: 5.9.3
    transitivePeerDependencies:
      - bufferutil
      - fastestsmallesttextencoderdecoder
      - utf-8-validate

  '@solana/transaction-messages@5.5.1(typescript@5.9.3)':
    dependencies:
      '@solana/addresses': 5.5.1(typescript@5.9.3)
      '@solana/codecs-core': 5.5.1(typescript@5.9.3)
      '@solana/codecs-data-structures': 5.5.1(typescript@5.9.3)
      '@solana/codecs-numbers': 5.5.1(typescript@5.9.3)
      '@solana/errors': 5.5.1(typescript@5.9.3)
      '@solana/functional': 5.5.1(typescript@5.9.3)
      '@solana/instructions': 5.5.1(typescript@5.9.3)
      '@solana/nominal-types': 5.5.1(typescript@5.9.3)
      '@solana/rpc-types': 5.5.1(typescript@5.9.3)
    optionalDependencies:
      typescript: 5.9.3
    transitivePeerDependencies:
      - fastestsmallesttextencoderdecoder

  '@solana/transactions@5.5.1(typescript@5.9.3)':
    dependencies:
      '@solana/addresses': 5.5.1(typescript@5.9.3)
      '@solana/codecs-core': 5.5.1(typescript@5.9.3)
      '@solana/codecs-data-structures': 5.5.1(typescript@5.9.3)
      '@solana/codecs-numbers': 5.5.1(typescript@5.9.3)
      '@solana/codecs-strings': 5.5.1(typescript@5.9.3)
      '@solana/errors': 5.5.1(typescript@5.9.3)
      '@solana/functional': 5.5.1(typescript@5.9.3)
      '@solana/instructions': 5.5.1(typescript@5.9.3)
      '@solana/keys': 5.5.1(typescript@5.9.3)
      '@solana/nominal-types': 5.5.1(typescript@5.9.3)
      '@solana/rpc-types': 5.5.1(typescript@5.9.3)
      '@solana/transaction-messages': 5.5.1(typescript@5.9.3)
    optionalDependencies:
      typescript: 5.9.3
    transitivePeerDependencies:
      - fastestsmallesttextencoderdecoder

  '@spruceid/siwe-parser@2.1.2':
    dependencies:
      '@noble/hashes': 1.8.0
      apg-js: 4.4.0
      uri-js: 4.4.1
      valid-url: 1.0.9

  '@stablelib/binary@1.0.1':
    dependencies:
      '@stablelib/int': 1.0.1

  '@stablelib/int@1.0.1': {}

  '@stablelib/random@1.0.2':
    dependencies:
      '@stablelib/binary': 1.0.1
      '@stablelib/wipe': 1.0.1

  '@stablelib/wipe@1.0.1': {}

  '@types/bs58@4.0.4':
    dependencies:
      '@types/node': 25.5.0
      base-x: 3.0.11

  '@types/node@22.7.5':
    dependencies:
      undici-types: 6.19.8

  '@types/node@25.5.0':
    dependencies:
      undici-types: 7.18.2

  '@x402/core@2.6.0':
    dependencies:
      zod: 3.25.76

  '@x402/extensions@2.6.0(ethers@6.16.0)(typescript@5.9.3)':
    dependencies:
      '@scure/base': 1.2.6
      '@x402/core': 2.6.0
      ajv: 8.18.0
      siwe: 2.3.2(ethers@6.16.0)
      tweetnacl: 1.0.3
      viem: 2.47.2(typescript@5.9.3)(zod@3.25.76)
      zod: 3.25.76
    transitivePeerDependencies:
      - bufferutil
      - ethers
      - typescript
      - utf-8-validate

  '@x402/hono@2.6.0(ethers@6.16.0)(hono@4.12.7)(typescript@5.9.3)':
    dependencies:
      '@x402/core': 2.6.0
      '@x402/extensions': 2.6.0(ethers@6.16.0)(typescript@5.9.3)
      hono: 4.12.7
      zod: 3.25.76
    transitivePeerDependencies:
      - bufferutil
      - ethers
      - typescript
      - utf-8-validate

  '@x402/svm@2.6.0(@solana/kit@5.5.1(typescript@5.9.3))(@solana/sysvars@5.5.1(typescript@5.9.3))':
    dependencies:
      '@solana-program/compute-budget': 0.11.0(@solana/kit@5.5.1(typescript@5.9.3))
      '@solana-program/token': 0.9.0(@solana/kit@5.5.1(typescript@5.9.3))
      '@solana-program/token-2022': 0.6.1(@solana/kit@5.5.1(typescript@5.9.3))(@solana/sysvars@5.5.1(typescript@5.9.3))
      '@solana/kit': 5.5.1(typescript@5.9.3)
      '@x402/core': 2.6.0
    transitivePeerDependencies:
      - '@solana/sysvars'

  abitype@1.2.3(typescript@5.9.3)(zod@3.25.76):
    optionalDependencies:
      typescript: 5.9.3
      zod: 3.25.76

  aes-js@4.0.0-beta.5: {}

  ajv@8.18.0:
    dependencies:
      fast-deep-equal: 3.1.3
      fast-uri: 3.1.0
      json-schema-traverse: 1.0.0
      require-from-string: 2.0.2

  apg-js@4.4.0: {}

  base-x@3.0.11:
    dependencies:
      safe-buffer: 5.2.1

  base-x@5.0.1: {}

  bs58@6.0.0:
    dependencies:
      base-x: 5.0.1

  bun-types@1.3.10:
    dependencies:
      '@types/node': 25.5.0

  chalk@5.6.2: {}

  cluster-key-slot@1.1.2: {}

  commander@14.0.2: {}

  ethers@6.16.0:
    dependencies:
      '@adraffy/ens-normalize': 1.10.1
      '@noble/curves': 1.2.0
      '@noble/hashes': 1.3.2
      '@types/node': 22.7.5
      aes-js: 4.0.0-beta.5
      tslib: 2.7.0
      ws: 8.17.1
    transitivePeerDependencies:
      - bufferutil
      - utf-8-validate

  eventemitter3@5.0.1: {}

  fast-deep-equal@3.1.3: {}

  fast-uri@3.1.0: {}

  generic-pool@3.9.0: {}

  hono@4.12.7: {}

  isows@1.0.7(ws@8.18.3):
    dependencies:
      ws: 8.18.3

  json-schema-traverse@1.0.0: {}

  ox@0.14.0(typescript@5.9.3)(zod@3.25.76):
    dependencies:
      '@adraffy/ens-normalize': 1.11.1
      '@noble/ciphers': 1.3.0
      '@noble/curves': 1.9.1
      '@noble/hashes': 1.8.0
      '@scure/bip32': 1.7.0
      '@scure/bip39': 1.6.0
      abitype: 1.2.3(typescript@5.9.3)(zod@3.25.76)
      eventemitter3: 5.0.1
    optionalDependencies:
      typescript: 5.9.3
    transitivePeerDependencies:
      - zod

  punycode@2.3.1: {}

  redis@4.7.1:
    dependencies:
      '@redis/bloom': 1.2.0(@redis/client@1.6.1)
      '@redis/client': 1.6.1
      '@redis/graph': 1.1.1(@redis/client@1.6.1)
      '@redis/json': 1.0.7(@redis/client@1.6.1)
      '@redis/search': 1.2.0(@redis/client@1.6.1)
      '@redis/time-series': 1.1.0(@redis/client@1.6.1)

  require-from-string@2.0.2: {}

  safe-buffer@5.2.1: {}

  siwe@2.3.2(ethers@6.16.0):
    dependencies:
      '@spruceid/siwe-parser': 2.1.2
      '@stablelib/random': 1.0.2
      ethers: 6.16.0
      uri-js: 4.4.1
      valid-url: 1.0.9

  tslib@2.7.0: {}

  tweetnacl@1.0.3: {}

  typescript@5.9.3: {}

  undici-types@6.19.8: {}

  undici-types@7.18.2: {}

  undici-types@7.24.0: {}

  uri-js@4.4.1:
    dependencies:
      punycode: 2.3.1

  valid-url@1.0.9: {}

  viem@2.47.2(typescript@5.9.3)(zod@3.25.76):
    dependencies:
      '@noble/curves': 1.9.1
      '@noble/hashes': 1.8.0
      '@scure/bip32': 1.7.0
      '@scure/bip39': 1.6.0
      abitype: 1.2.3(typescript@5.9.3)(zod@3.25.76)
      isows: 1.0.7(ws@8.18.3)
      ox: 0.14.0(typescript@5.9.3)(zod@3.25.76)
      ws: 8.18.3
    optionalDependencies:
      typescript: 5.9.3
    transitivePeerDependencies:
      - bufferutil
      - utf-8-validate
      - zod

  ws@8.17.1: {}

  ws@8.18.3: {}

  ws@8.19.0: {}

  yallist@4.0.0: {}

  zod@3.25.76: {}
